
Microsoft Visual Studio Solution File, Format Version 12.00
# Visual Studio Version 17
VisualStudioVersion = 17.14.36310.24
MinimumVisualStudioVersion = 10.0.40219.1
Project("{FAE04EC0-301F-11D3-BF4B-00C04F79EFBC}") = "EjerciciosEnClase1", "EjerciciosEnClase1.csproj", "{E8FAE40B-D262-43A3-B442-A5475AFB64BD}"
EndProject
Project("{FAE04EC0-301F-11D3-BF4B-00C04F79EFBC}") = "Numero1Punto2", "..\Numero2\Numero1Punto2.csproj", "{3511E312-C5A8-4AB7-A4CC-366D79822305}"
EndProject
Project("{FAE04EC0-301F-11D3-BF4B-00C04F79EFBC}") = "Numero1Punto3", "..\Numero3\Numero1Punto3.csproj", "{8EDC8B43-AF4E-4B04-9B40-E8DECD1F5711}"
EndProject
Project("{FAE04EC0-301F-11D3-BF4B-00C04F79EFBC}") = "EjerciciosEnClase2", "..\EjerciciosEnClase1.1\EjerciciosEnClase2.csproj", "{2D920E0C-F11B-420F-BB98-FE301E9E151A}"
EndProject
Project("{FAE04EC0-301F-11D3-BF4B-00C04F79EFBC}") = "Numero2Punto2", "..\Numero2Punto2\Numero2Punto2.csproj", "{04301769-5D5A-40BB-9C65-1E13DAB2E627}"
EndProject
Project("{FAE04EC0-301F-11D3-BF4B-00C04F79EFBC}") = "EjerciciosEnClase3", "..\EjerciciosEnClase3\EjerciciosEnClase3.csproj", "{01E23A54-6B7C-4BCE-9288-7A4970AD3184}"
EndProject
Project("{FAE04EC0-301F-11D3-BF4B-00C04F79EFBC}") = "Numero3Punto2", "..\Numero3Punto2\Numero3Punto2.csproj", "{1314DB94-3A5F-458C-97DD-0099D3D96677}"
EndProject
Project("{FAE04EC0-301F-11D3-BF4B-00C04F79EFBC}") = "Numero3Punto3", "..\Numero3Punto3\Numero3Punto3.csproj", "{43A0433A-D787-4699-B773-D0DED568A114}"
EndProject
Project("{FAE04EC0-301F-11D3-BF4B-00C04F79EFBC}") = "EjerciciosEnClase4", "..\EjerciciosEnClase4\EjerciciosEnClase4.csproj", "{FD7524A8-5423-4959-AB52-2022DCA9EB53}"
EndProject
Project("{FAE04EC0-301F-11D3-BF4B-00C04F79EFBC}") = "Numero4Punto2", "..\Numero4Punto2\Numero4Punto2.csproj", "{D68316C2-598C-4E79-9603-EF0D496CE126}"
EndProject
Project("{FAE04EC0-301F-11D3-BF4B-00C04F79EFBC}") = "Numero4Punto3", "..\Numero4Punto3\Numero4Punto3.csproj", "{C01996B1-CB2C-4B1D-B6F1-F37788279149}"
EndProject
Project("{FAE04EC0-301F-11D3-BF4B-00C04F79EFBC}") = "Numero2Punto3", "..\Numero2Punto3\Numero2Punto3.csproj", "{8BC1DC1A-2471-4001-8B35-A0CC686C03D3}"
EndProject
Global
	GlobalSection(SolutionConfigurationPlatforms) = preSolution
		Debug|Any CPU = Debug|Any CPU
		Release|Any CPU = Release|Any CPU
	EndGlobalSection
	GlobalSection(ProjectConfigurationPlatforms) = postSolution
		{E8FAE40B-D262-43A3-B442-A5475AFB64BD}.Debug|Any CPU.ActiveCfg = Debug|Any CPU
		{E8FAE40B-D262-43A3-B442-A5475AFB64BD}.Debug|Any CPU.Build.0 = Debug|Any CPU
		{E8FAE40B-D262-43A3-B442-A5475AFB64BD}.Release|Any CPU.ActiveCfg = Release|Any CPU
		{E8FAE40B-D262-43A3-B442-A5475AFB64BD}.Release|Any CPU.Build.0 = Release|Any CPU
		{3511E312-C5A8-4AB7-A4CC-366D79822305}.Debug|Any CPU.ActiveCfg = Debug|Any CPU
		{3511E312-C5A8-4AB7-A4CC-366D79822305}.Debug|Any CPU.Build.0 = Debug|Any CPU
		{3511E312-C5A8-4AB7-A4CC-366D79822305}.Release|Any CPU.ActiveCfg = Release|Any CPU
		{3511E312-C5A8-4AB7-A4CC-366D79822305}.Release|Any CPU.Build.0 = Release|Any CPU
		{8EDC8B43-AF4E-4B04-9B40-E8DECD1F5711}.Debug|Any CPU.ActiveCfg = Debug|Any CPU
		{8EDC8B43-AF4E-4B04-9B40-E8DECD1F5711}.Debug|Any CPU.Build.0 = Debug|Any CPU
		{8EDC8B43-AF4E-4B04-9B40-E8DECD1F5711}.Release|Any CPU.ActiveCfg = Release|Any CPU
		{8EDC8B43-AF4E-4B04-9B40-E8DECD1F5711}.Release|Any CPU.Build.0 = Release|Any CPU
		{2D920E0C-F11B-420F-BB98-FE301E9E151A}.Debug|Any CPU.ActiveCfg = Debug|Any CPU
		{2D920E0C-F11B-420F-BB98-FE301E9E151A}.Debug|Any CPU.Build.0 = Debug|Any CPU
		{2D920E0C-F11B-420F-BB98-FE301E9E151A}.Release|Any CPU.ActiveCfg = Release|Any CPU
		{2D920E0C-F11B-420F-BB98-FE301E9E151A}.Release|Any CPU.Build.0 = Release|Any CPU
		{04301769-5D5A-40BB-9C65-1E13DAB2E627}.Debug|Any CPU.ActiveCfg = Debug|Any CPU
		{04301769-5D5A-40BB-9C65-1E13DAB2E627}.Debug|Any CPU.Build.0 = Debug|Any CPU
		{04301769-5D5A-40BB-9C65-1E13DAB2E627}.Release|Any CPU.ActiveCfg = Release|Any CPU
		{04301769-5D5A-40BB-9C65-1E13DAB2E627}.Release|Any CPU.Build.0 = Release|Any CPU
		{01E23A54-6B7C-4BCE-9288-7A4970AD3184}.Debug|Any CPU.ActiveCfg = Debug|Any CPU
		{01E23A54-6B7C-4BCE-9288-7A4970AD3184}.Debug|Any CPU.Build.0 = Debug|Any CPU
		{01E23A54-6B7C-4BCE-9288-7A4970AD3184}.Release|Any CPU.ActiveCfg = Release|Any CPU
		{01E23A54-6B7C-4BCE-9288-7A4970AD3184}.Release|Any CPU.Build.0 = Release|Any CPU
		{1314DB94-3A5F-458C-97DD-0099D3D96677}.Debug|Any CPU.ActiveCfg = Debug|Any CPU
		{1314DB94-3A5F-458C-97DD-0099D3D96677}.Debug|Any CPU.Build.0 = Debug|Any CPU
		{1314DB94-3A5F-458C-97DD-0099D3D96677}.Release|Any CPU.ActiveCfg = Release|Any CPU
		{1314DB94-3A5F-458C-97DD-0099D3D96677}.Release|Any CPU.Build.0 = Release|Any CPU
		{43A0433A-D787-4699-B773-D0DED568A114}.Debug|Any CPU.ActiveCfg = Debug|Any CPU
		{43A0433A-D787-4699-B773-D0DED568A114}.Debug|Any CPU.Build.0 = Debug|Any CPU
		{43A0433A-D787-4699-B773-D0DED568A114}.Release|Any CPU.ActiveCfg = Release|Any CPU
		{43A0433A-D787-4699-B773-D0DED568A114}.Release|Any CPU.Build.0 = Release|Any CPU
		{FD7524A8-5423-4959-AB52-2022DCA9EB53}.Debug|Any CPU.ActiveCfg = Debug|Any CPU
		{FD7524A8-5423-4959-AB52-2022DCA9EB53}.Debug|Any CPU.Build.0 = Debug|Any CPU
		{FD7524A8-5423-4959-AB52-2022DCA9EB53}.Release|Any CPU.ActiveCfg = Release|Any CPU
		{FD7524A8-5423-4959-AB52-2022DCA9EB53}.Release|Any CPU.Build.0 = Release|Any CPU
		{D68316C2-598C-4E79-9603-EF0D496CE126}.Debug|Any CPU.ActiveCfg = Debug|Any CPU
		{D68316C2-598C-4E79-9603-EF0D496CE126}.Debug|Any CPU.Build.0 = Debug|Any CPU
		{D68316C2-598C-4E79-9603-EF0D496CE126}.Release|Any CPU.ActiveCfg = Release|Any CPU
		{D68316C2-598C-4E79-9603-EF0D496CE126}.Release|Any CPU.Build.0 = Release|Any CPU
		{C01996B1-CB2C-4B1D-B6F1-F37788279149}.Debug|Any CPU.ActiveCfg = Debug|Any CPU
		{C01996B1-CB2C-4B1D-B6F1-F37788279149}.Debug|Any CPU.Build.0 = Debug|Any CPU
		{C01996B1-CB2C-4B1D-B6F1-F37788279149}.Release|Any CPU.ActiveCfg = Release|Any CPU
		{C01996B1-CB2C-4B1D-B6F1-F37788279149}.Release|Any CPU.Build.0 = Release|Any CPU
		{8BC1DC1A-2471-4001-8B35-A0CC686C03D3}.Debug|Any CPU.ActiveCfg = Debug|Any CPU
		{8BC1DC1A-2471-4001-8B35-A0CC686C03D3}.Debug|Any CPU.Build.0 = Debug|Any CPU
		{8BC1DC1A-2471-4001-8B35-A0CC686C03D3}.Release|Any CPU.ActiveCfg = Release|Any CPU
		{8BC1DC1A-2471-4001-8B35-A0CC686C03D3}.Release|Any CPU.Build.0 = Release|Any CPU
	EndGlobalSection
	GlobalSection(SolutionProperties) = preSolution
		HideSolutionNode = FALSE
	EndGlobalSection
	GlobalSection(ExtensibilityGlobals) = postSolution
		SolutionGuid = {BD34EECB-78F1-4E64-9B67-6AA6BF6603B6}
	EndGlobalSection
EndGlobal
