
Microsoft Visual Studio Solution File, Format Version 12.00
# Visual Studio Version 17
VisualStudioVersion = 17.14.36310.24
MinimumVisualStudioVersion = 10.0.40219.1
Project("{FAE04EC0-301F-11D3-BF4B-00C04F79EFBC}") = "EjerciciosEnClase1", "EjerciciosEnClase1.csproj", "{E8FAE40B-D262-43A3-B442-A5475AFB64BD}"
EndProject
Project("{FAE04EC0-301F-11D3-BF4B-00C04F79EFBC}") = "Numero1Punto2", "Numero1Punto2\Numero1Punto2.csproj", "{64C6A449-BE48-4CF4-A9BA-D070952ED5E0}"
EndProject
Project("{FAE04EC0-301F-11D3-BF4B-00C04F79EFBC}") = "Numero1Punto3", "Numero1Punto3\Numero1Punto3.csproj", "{0FB18D9C-2995-4492-A807-88960C1E8522}"
EndProject
Global
	GlobalSection(SolutionConfigurationPlatforms) = preSolution
		Debug|Any CPU = Debug|Any CPU
		Release|Any CPU = Release|Any CPU
	EndGlobalSection
	GlobalSection(ProjectConfigurationPlatforms) = postSolution
		{E8FAE40B-D262-43A3-B442-A5475AFB64BD}.Debug|Any CPU.ActiveCfg = Debug|Any CPU
		{E8FAE40B-D262-43A3-B442-A5475AFB64BD}.Debug|Any CPU.Build.0 = Debug|Any CPU
		{E8FAE40B-D262-43A3-B442-A5475AFB64BD}.Release|Any CPU.ActiveCfg = Release|Any CPU
		{E8FAE40B-D262-43A3-B442-A5475AFB64BD}.Release|Any CPU.Build.0 = Release|Any CPU
		{64C6A449-BE48-4CF4-A9BA-D070952ED5E0}.Debug|Any CPU.ActiveCfg = Debug|Any CPU
		{64C6A449-BE48-4CF4-A9BA-D070952ED5E0}.Debug|Any CPU.Build.0 = Debug|Any CPU
		{64C6A449-BE48-4CF4-A9BA-D070952ED5E0}.Release|Any CPU.ActiveCfg = Release|Any CPU
		{64C6A449-BE48-4CF4-A9BA-D070952ED5E0}.Release|Any CPU.Build.0 = Release|Any CPU
		{0FB18D9C-2995-4492-A807-88960C1E8522}.Debug|Any CPU.ActiveCfg = Debug|Any CPU
		{0FB18D9C-2995-4492-A807-88960C1E8522}.Debug|Any CPU.Build.0 = Debug|Any CPU
		{0FB18D9C-2995-4492-A807-88960C1E8522}.Release|Any CPU.ActiveCfg = Release|Any CPU
		{0FB18D9C-2995-4492-A807-88960C1E8522}.Release|Any CPU.Build.0 = Release|Any CPU
	EndGlobalSection
	GlobalSection(SolutionProperties) = preSolution
		HideSolutionNode = FALSE
	EndGlobalSection
	GlobalSection(ExtensibilityGlobals) = postSolution
		SolutionGuid = {BD34EECB-78F1-4E64-9B67-6AA6BF6603B6}
	EndGlobalSection
EndGlobal
